PODS:
  - Alamofire (4.9.1)
  - RxSwift (4.5.0)
  - SwiftyJSON (5.0.1)
  - YKSwiftNetworking (1.1.1):
    - Alamofire (~> 4.1)
    - RxSwift (~> 4.0)
    - SwiftyJSON

DEPENDENCIES:
  - YKSwiftNetworking (from `../`)

SPEC REPOS:
  trunk:
    - Alamofire
    - RxSwift
    - SwiftyJSON

EXTERNAL SOURCES:
  YKSwiftNetworking:
    :path: "../"

SPEC CHECKSUMS:
  Alamofire: 85e8a02c69d6020a0d734f6054870d7ecb75cf18
  RxSwift: f172070dfd1a93d70a9ab97a5a01166206e1c575
  SwiftyJSON: 2f33a42c6fbc52764d96f13368585094bfd8aa5e
  YKSwiftNetworking: e17329cd3b5248eb819e4061295f0ff27e67e4a6

PODFILE CHECKSUM: 7ea112c28b50ea4f38d878966dca82c141fe9ce2

COCOAPODS: 1.11.3
