PODS:
  - Alamofire (5.6.1)
  - RxSwift (5.1.3)
  - SwiftyJSON (5.0.1)
  - YKSwiftNetworking (2.0.1):
    - Alamofire (~> 5.0)
    - RxSwift (~> 5.0)
    - SwiftyJSON

DEPENDENCIES:
  - YKSwiftNetworking (from `../`)

SPEC REPOS:
  trunk:
    - Alamofire
    - RxSwift
    - SwiftyJSON

EXTERNAL SOURCES:
  YKSwiftNetworking:
    :path: "../"

SPEC CHECKSUMS:
  Alamofire: 87bd8c952f9a4454320fce00d9cc3de57bcadaf5
  RxSwift: 915abbdfb62214aa89ccd0b194d44fb478019b27
  SwiftyJSON: 2f33a42c6fbc52764d96f13368585094bfd8aa5e
  YKSwiftNetworking: 3e94045bf57c7ae96b7bfebf0a69f76b8fef723c

PODFILE CHECKSUM: 127b95ad4c882002eb87257bceb516e56edd95dc

COCOAPODS: 1.11.3
